
Microsoft Visual Studio Solution File, Format Version 12.00
# Visual Studio Version 17
VisualStudioVersion = 17.5.33424.131
MinimumVisualStudioVersion = 10.0.40219.1
Project("{9A19103F-16F7-4668-BE54-9A1E7A4F7556}") = "WebApplication5", "WebApplication5.csproj", "{C6D5D854-FFB9-4678-8A87-B7BD14290E19}"
EndProject
Project("{FAE04EC0-301F-11D3-BF4B-00C04F79EFBC}") = "Checkout_Tests", "..\Checkout_Tests\Checkout_Tests.csproj", "{88D81B71-3C89-4848-88ED-2DE45A5524F1}"
EndProject
Global
	GlobalSection(SolutionConfigurationPlatforms) = preSolution
		Debug|Any CPU = Debug|Any CPU
		Release|Any CPU = Release|Any CPU
	EndGlobalSection
	GlobalSection(ProjectConfigurationPlatforms) = postSolution
		{C6D5D854-FFB9-4678-8A87-B7BD14290E19}.Debug|Any CPU.ActiveCfg = Debug|Any CPU
		{C6D5D854-FFB9-4678-8A87-B7BD14290E19}.Debug|Any CPU.Build.0 = Debug|Any CPU
		{C6D5D854-FFB9-4678-8A87-B7BD14290E19}.Release|Any CPU.ActiveCfg = Release|Any CPU
		{C6D5D854-FFB9-4678-8A87-B7BD14290E19}.Release|Any CPU.Build.0 = Release|Any CPU
		{88D81B71-3C89-4848-88ED-2DE45A5524F1}.Debug|Any CPU.ActiveCfg = Debug|Any CPU
		{88D81B71-3C89-4848-88ED-2DE45A5524F1}.Debug|Any CPU.Build.0 = Debug|Any CPU
		{88D81B71-3C89-4848-88ED-2DE45A5524F1}.Release|Any CPU.ActiveCfg = Release|Any CPU
		{88D81B71-3C89-4848-88ED-2DE45A5524F1}.Release|Any CPU.Build.0 = Release|Any CPU
	EndGlobalSection
	GlobalSection(SolutionProperties) = preSolution
		HideSolutionNode = FALSE
	EndGlobalSection
	GlobalSection(ExtensibilityGlobals) = postSolution
		SolutionGuid = {6170A087-2901-44F1-B862-1326CD1AEABC}
	EndGlobalSection
EndGlobal
